// !$*UTF8*$!
{
	archiveVersion = 1;
	classes = {
	};
	objectVersion = 56;
	objects = {

/* Begin PBXBuildFile section */
		35FDFD062B26032500B5D782 /* MitraAppsApp.swift in Sources */ = {isa = PBXBuildFile; fileRef = 35FDFD052B26032500B5D782 /* MitraAppsApp.swift */; };
		35FDFD082B26032500B5D782 /* ContentView.swift in Sources */ = {isa = PBXBuildFile; fileRef = 35FDFD072B26032500B5D782 /* ContentView.swift */; };
		35FDFD0A2B26032800B5D782 /* Assets.xcassets in Resources */ = {isa = PBXBuildFile; fileRef = 35FDFD092B26032800B5D782 /* Assets.xcassets */; };
		35FDFD0D2B26032800B5D782 /* Preview Assets.xcassets in Resources */ = {isa = PBXBuildFile; fileRef = 35FDFD0C2B26032800B5D782 /* Preview Assets.xcassets */; };
		35FDFD172B26032900B5D782 /* MitraAppsTests.swift in Sources */ = {isa = PBXBuildFile; fileRef = 35FDFD162B26032900B5D782 /* MitraAppsTests.swift */; };
		35FDFD212B26032900B5D782 /* MitraAppsUITests.swift in Sources */ = {isa = PBXBuildFile; fileRef = 35FDFD202B26032900B5D782 /* MitraAppsUITests.swift */; };
		35FDFD232B26032900B5D782 /* MitraAppsUITestsLaunchTests.swift in Sources */ = {isa = PBXBuildFile; fileRef = 35FDFD222B26032900B5D782 /* MitraAppsUITestsLaunchTests.swift */; };
		35FDFD302B2877E600B5D782 /* Katalog.swift in Sources */ = {isa = PBXBuildFile; fileRef = 35FDFD2F2B2877E600B5D782 /* Katalog.swift */; };
		35FDFD322B28A6A100B5D782 /* Data.swift in Sources */ = {isa = PBXBuildFile; fileRef = 35FDFD312B28A6A100B5D782 /* Data.swift */; };
		35FDFD342B28C82600B5D782 /* Filter.swift in Sources */ = {isa = PBXBuildFile; fileRef = 35FDFD332B28C82500B5D782 /* Filter.swift */; };
		35FDFD362B293DE300B5D782 /* Search.swift in Sources */ = {isa = PBXBuildFile; fileRef = 35FDFD352B293DE300B5D782 /* Search.swift */; };
		35FDFD382B293E8C00B5D782 /* Sort.swift in Sources */ = {isa = PBXBuildFile; fileRef = 35FDFD372B293E8C00B5D782 /* Sort.swift */; };
		35FDFD3A2B2940E700B5D782 /* FunctionControl.swift in Sources */ = {isa = PBXBuildFile; fileRef = 35FDFD392B2940E700B5D782 /* FunctionControl.swift */; };
		35FDFD3C2B2984FA00B5D782 /* iconButton.swift in Sources */ = {isa = PBXBuildFile; fileRef = 35FDFD3B2B2984FA00B5D782 /* iconButton.swift */; };
		35FDFD3E2B29A0AA00B5D782 /* HeaderView.swift in Sources */ = {isa = PBXBuildFile; fileRef = 35FDFD3D2B29A0AA00B5D782 /* HeaderView.swift */; };
		35FDFD402B29A15F00B5D782 /* KatalogView.swift in Sources */ = {isa = PBXBuildFile; fileRef = 35FDFD3F2B29A15F00B5D782 /* KatalogView.swift */; };
		35FDFD422B29B29500B5D782 /* ObjectModel.swift in Sources */ = {isa = PBXBuildFile; fileRef = 35FDFD412B29B29500B5D782 /* ObjectModel.swift */; };
/* End PBXBuildFile section */

/* Begin PBXContainerItemProxy section */
		35FDFD132B26032900B5D782 /* PBXContainerItemProxy */ = {
			isa = PBXContainerItemProxy;
			containerPortal = 35FDFCFA2B26032400B5D782 /* Project object */;
			proxyType = 1;
			remoteGlobalIDString = 35FDFD012B26032400B5D782;
			remoteInfo = MitraApps;
		};
		35FDFD1D2B26032900B5D782 /* PBXContainerItemProxy */ = {
			isa = PBXContainerItemProxy;
			containerPortal = 35FDFCFA2B26032400B5D782 /* Project object */;
			proxyType = 1;
			remoteGlobalIDString = 35FDFD012B26032400B5D782;
			remoteInfo = MitraApps;
		};
/* End PBXContainerItemProxy section */

/* Begin PBXFileReference section */
		35FDFD022B26032500B5D782 /* MitraApps.app */ = {isa = PBXFileReference; explicitFileType = wrapper.application; includeInIndex = 0; path = MitraApps.app; sourceTree = BUILT_PRODUCTS_DIR; };
		35FDFD052B26032500B5D782 /* MitraAppsApp.swift */ = {isa = PBXFileReference; lastKnownFileType = sourcecode.swift; path = MitraAppsApp.swift; sourceTree = "<group>"; };
		35FDFD072B26032500B5D782 /* ContentView.swift */ = {isa = PBXFileReference; lastKnownFileType = sourcecode.swift; path = ContentView.swift; sourceTree = "<group>"; };
		35FDFD092B26032800B5D782 /* Assets.xcassets */ = {isa = PBXFileReference; lastKnownFileType = folder.assetcatalog; path = Assets.xcassets; sourceTree = "<group>"; };
		35FDFD0C2B26032800B5D782 /* Preview Assets.xcassets */ = {isa = PBXFileReference; lastKnownFileType = folder.assetcatalog; path = "Preview Assets.xcassets"; sourceTree = "<group>"; };
		35FDFD122B26032900B5D782 /* MitraAppsTests.xctest */ = {isa = PBXFileReference; explicitFileType = wrapper.cfbundle; includeInIndex = 0; path = MitraAppsTests.xctest; sourceTree = BUILT_PRODUCTS_DIR; };
		35FDFD162B26032900B5D782 /* MitraAppsTests.swift */ = {isa = PBXFileReference; lastKnownFileType = sourcecode.swift; path = MitraAppsTests.swift; sourceTree = "<group>"; };
		35FDFD1C2B26032900B5D782 /* MitraAppsUITests.xctest */ = {isa = PBXFileReference; explicitFileType = wrapper.cfbundle; includeInIndex = 0; path = MitraAppsUITests.xctest; sourceTree = BUILT_PRODUCTS_DIR; };
		35FDFD202B26032900B5D782 /* MitraAppsUITests.swift */ = {isa = PBXFileReference; lastKnownFileType = sourcecode.swift; path = MitraAppsUITests.swift; sourceTree = "<group>"; };
		35FDFD222B26032900B5D782 /* MitraAppsUITestsLaunchTests.swift */ = {isa = PBXFileReference; lastKnownFileType = sourcecode.swift; path = MitraAppsUITestsLaunchTests.swift; sourceTree = "<group>"; };
		35FDFD2F2B2877E600B5D782 /* Katalog.swift */ = {isa = PBXFileReference; lastKnownFileType = sourcecode.swift; path = Katalog.swift; sourceTree = "<group>"; };
		35FDFD312B28A6A100B5D782 /* Data.swift */ = {isa = PBXFileReference; lastKnownFileType = sourcecode.swift; path = Data.swift; sourceTree = "<group>"; };
		35FDFD332B28C82500B5D782 /* Filter.swift */ = {isa = PBXFileReference; lastKnownFileType = sourcecode.swift; path = Filter.swift; sourceTree = "<group>"; };
		35FDFD352B293DE300B5D782 /* Search.swift */ = {isa = PBXFileReference; lastKnownFileType = sourcecode.swift; path = Search.swift; sourceTree = "<group>"; };
		35FDFD372B293E8C00B5D782 /* Sort.swift */ = {isa = PBXFileReference; lastKnownFileType = sourcecode.swift; path = Sort.swift; sourceTree = "<group>"; };
		35FDFD392B2940E700B5D782 /* FunctionControl.swift */ = {isa = PBXFileReference; lastKnownFileType = sourcecode.swift; path = FunctionControl.swift; sourceTree = "<group>"; };
		35FDFD3B2B2984FA00B5D782 /* iconButton.swift */ = {isa = PBXFileReference; lastKnownFileType = sourcecode.swift; path = iconButton.swift; sourceTree = "<group>"; };
		35FDFD3D2B29A0AA00B5D782 /* HeaderView.swift */ = {isa = PBXFileReference; lastKnownFileType = sourcecode.swift; path = HeaderView.swift; sourceTree = "<group>"; };
		35FDFD3F2B29A15F00B5D782 /* KatalogView.swift */ = {isa = PBXFileReference; lastKnownFileType = sourcecode.swift; path = KatalogView.swift; sourceTree = "<group>"; };
		35FDFD412B29B29500B5D782 /* ObjectModel.swift */ = {isa = PBXFileReference; lastKnownFileType = sourcecode.swift; path = ObjectModel.swift; sourceTree = "<group>"; };
/* End PBXFileReference section */

/* Begin PBXFrameworksBuildPhase section */
		35FDFCFF2B26032400B5D782 /* Frameworks */ = {
			isa = PBXFrameworksBuildPhase;
			buildActionMask = 2147483647;
			files = (
			);
			runOnlyForDeploymentPostprocessing = 0;
		};
		35FDFD0F2B26032900B5D782 /* Frameworks */ = {
			isa = PBXFrameworksBuildPhase;
			buildActionMask = 2147483647;
			files = (
			);
			runOnlyForDeploymentPostprocessing = 0;
		};
		35FDFD192B26032900B5D782 /* Frameworks */ = {
			isa = PBXFrameworksBuildPhase;
			buildActionMask = 2147483647;
			files = (
			);
			runOnlyForDeploymentPostprocessing = 0;
		};
/* End PBXFrameworksBuildPhase section */

/* Begin PBXGroup section */
		35FDFCF92B26032400B5D782 = {
			isa = PBXGroup;
			children = (
				35FDFD042B26032500B5D782 /* MitraApps */,
				35FDFD152B26032900B5D782 /* MitraAppsTests */,
				35FDFD1F2B26032900B5D782 /* MitraAppsUITests */,
				35FDFD032B26032500B5D782 /* Products */,
			);
			sourceTree = "<group>";
		};
		35FDFD032B26032500B5D782 /* Products */ = {
			isa = PBXGroup;
			children = (
				35FDFD022B26032500B5D782 /* MitraApps.app */,
				35FDFD122B26032900B5D782 /* MitraAppsTests.xctest */,
				35FDFD1C2B26032900B5D782 /* MitraAppsUITests.xctest */,
			);
			name = Products;
			sourceTree = "<group>";
		};
		35FDFD042B26032500B5D782 /* MitraApps */ = {
			isa = PBXGroup;
			children = (
				35FDFD052B26032500B5D782 /* MitraAppsApp.swift */,
				35FDFD072B26032500B5D782 /* ContentView.swift */,
				35FDFD092B26032800B5D782 /* Assets.xcassets */,
				35FDFD0B2B26032800B5D782 /* Preview Content */,
				35FDFD2F2B2877E600B5D782 /* Katalog.swift */,
				35FDFD312B28A6A100B5D782 /* Data.swift */,
				35FDFD332B28C82500B5D782 /* Filter.swift */,
				35FDFD352B293DE300B5D782 /* Search.swift */,
				35FDFD372B293E8C00B5D782 /* Sort.swift */,
				35FDFD392B2940E700B5D782 /* FunctionControl.swift */,
				35FDFD3B2B2984FA00B5D782 /* iconButton.swift */,
				35FDFD3D2B29A0AA00B5D782 /* HeaderView.swift */,
				35FDFD3F2B29A15F00B5D782 /* KatalogView.swift */,
				35FDFD412B29B29500B5D782 /* ObjectModel.swift */,
			);
			path = MitraApps;
			sourceTree = "<group>";
		};
		35FDFD0B2B26032800B5D782 /* Preview Content */ = {
			isa = PBXGroup;
			children = (
				35FDFD0C2B26032800B5D782 /* Preview Assets.xcassets */,
			);
			path = "Preview Content";
			sourceTree = "<group>";
		};
		35FDFD152B26032900B5D782 /* MitraAppsTests */ = {
			isa = PBXGroup;
			children = (
				35FDFD162B26032900B5D782 /* MitraAppsTests.swift */,
			);
			path = MitraAppsTests;
			sourceTree = "<group>";
		};
		35FDFD1F2B26032900B5D782 /* MitraAppsUITests */ = {
			isa = PBXGroup;
			children = (
				35FDFD202B26032900B5D782 /* MitraAppsUITests.swift */,
				35FDFD222B26032900B5D782 /* MitraAppsUITestsLaunchTests.swift */,
			);
			path = MitraAppsUITests;
			sourceTree = "<group>";
		};
/* End PBXGroup section */

/* Begin PBXNativeTarget section */
		35FDFD012B26032400B5D782 /* MitraApps */ = {
			isa = PBXNativeTarget;
			buildConfigurationList = 35FDFD262B26032900B5D782 /* Build configuration list for PBXNativeTarget "MitraApps" */;
			buildPhases = (
				35FDFCFE2B26032400B5D782 /* Sources */,
				35FDFCFF2B26032400B5D782 /* Frameworks */,
				35FDFD002B26032400B5D782 /* Resources */,
			);
			buildRules = (
			);
			dependencies = (
			);
			name = MitraApps;
			productName = MitraApps;
			productReference = 35FDFD022B26032500B5D782 /* MitraApps.app */;
			productType = "com.apple.product-type.application";
		};
		35FDFD112B26032900B5D782 /* MitraAppsTests */ = {
			isa = PBXNativeTarget;
			buildConfigurationList = 35FDFD292B26032900B5D782 /* Build configuration list for PBXNativeTarget "MitraAppsTests" */;
			buildPhases = (
				35FDFD0E2B26032900B5D782 /* Sources */,
				35FDFD0F2B26032900B5D782 /* Frameworks */,
				35FDFD102B26032900B5D782 /* Resources */,
			);
			buildRules = (
			);
			dependencies = (
				35FDFD142B26032900B5D782 /* PBXTargetDependency */,
			);
			name = MitraAppsTests;
			productName = MitraAppsTests;
			productReference = 35FDFD122B26032900B5D782 /* MitraAppsTests.xctest */;
			productType = "com.apple.product-type.bundle.unit-test";
		};
		35FDFD1B2B26032900B5D782 /* MitraAppsUITests */ = {
			isa = PBXNativeTarget;
			buildConfigurationList = 35FDFD2C2B26032900B5D782 /* Build configuration list for PBXNativeTarget "MitraAppsUITests" */;
			buildPhases = (
				35FDFD182B26032900B5D782 /* Sources */,
				35FDFD192B26032900B5D782 /* Frameworks */,
				35FDFD1A2B26032900B5D782 /* Resources */,
			);
			buildRules = (
			);
			dependencies = (
				35FDFD1E2B26032900B5D782 /* PBXTargetDependency */,
			);
			name = MitraAppsUITests;
			productName = MitraAppsUITests;
			productReference = 35FDFD1C2B26032900B5D782 /* MitraAppsUITests.xctest */;
			productType = "com.apple.product-type.bundle.ui-testing";
		};
/* End PBXNativeTarget section */

/* Begin PBXProject section */
		35FDFCFA2B26032400B5D782 /* Project object */ = {
			isa = PBXProject;
			attributes = {
				BuildIndependentTargetsInParallel = 1;
				LastSwiftUpdateCheck = 1500;
				LastUpgradeCheck = 1500;
				TargetAttributes = {
					35FDFD012B26032400B5D782 = {
						CreatedOnToolsVersion = 15.0.1;
					};
					35FDFD112B26032900B5D782 = {
						CreatedOnToolsVersion = 15.0.1;
						TestTargetID = 35FDFD012B26032400B5D782;
					};
					35FDFD1B2B26032900B5D782 = {
						CreatedOnToolsVersion = 15.0.1;
						TestTargetID = 35FDFD012B26032400B5D782;
					};
				};
			};
			buildConfigurationList = 35FDFCFD2B26032400B5D782 /* Build configuration list for PBXProject "MitraApps" */;
			compatibilityVersion = "Xcode 14.0";
			developmentRegion = en;
			hasScannedForEncodings = 0;
			knownRegions = (
				en,
				Base,
			);
			mainGroup = 35FDFCF92B26032400B5D782;
			productRefGroup = 35FDFD032B26032500B5D782 /* Products */;
			projectDirPath = "";
			projectRoot = "";
			targets = (
				35FDFD012B26032400B5D782 /* MitraApps */,
				35FDFD112B26032900B5D782 /* MitraAppsTests */,
				35FDFD1B2B26032900B5D782 /* MitraAppsUITests */,
			);
		};
/* End PBXProject section */

/* Begin PBXResourcesBuildPhase section */
		35FDFD002B26032400B5D782 /* Resources */ = {
			isa = PBXResourcesBuildPhase;
			buildActionMask = 2147483647;
			files = (
				35FDFD0D2B26032800B5D782 /* Preview Assets.xcassets in Resources */,
				35FDFD0A2B26032800B5D782 /* Assets.xcassets in Resources */,
			);
			runOnlyForDeploymentPostprocessing = 0;
		};
		35FDFD102B26032900B5D782 /* Resources */ = {
			isa = PBXResourcesBuildPhase;
			buildActionMask = 2147483647;
			files = (
			);
			runOnlyForDeploymentPostprocessing = 0;
		};
		35FDFD1A2B26032900B5D782 /* Resources */ = {
			isa = PBXResourcesBuildPhase;
			buildActionMask = 2147483647;
			files = (
			);
			runOnlyForDeploymentPostprocessing = 0;
		};
/* End PBXResourcesBuildPhase section */

/* Begin PBXSourcesBuildPhase section */
		35FDFCFE2B26032400B5D782 /* Sources */ = {
			isa = PBXSourcesBuildPhase;
			buildActionMask = 2147483647;
			files = (
				35FDFD302B2877E600B5D782 /* Katalog.swift in Sources */,
				35FDFD342B28C82600B5D782 /* Filter.swift in Sources */,
				35FDFD3A2B2940E700B5D782 /* FunctionControl.swift in Sources */,
				35FDFD082B26032500B5D782 /* ContentView.swift in Sources */,
				35FDFD422B29B29500B5D782 /* ObjectModel.swift in Sources */,
				35FDFD402B29A15F00B5D782 /* KatalogView.swift in Sources */,
				35FDFD3C2B2984FA00B5D782 /* iconButton.swift in Sources */,
				35FDFD3E2B29A0AA00B5D782 /* HeaderView.swift in Sources */,
				35FDFD362B293DE300B5D782 /* Search.swift in Sources */,
				35FDFD382B293E8C00B5D782 /* Sort.swift in Sources */,
				35FDFD062B26032500B5D782 /* MitraAppsApp.swift in Sources */,
				35FDFD322B28A6A100B5D782 /* Data.swift in Sources */,
			);
			runOnlyForDeploymentPostprocessing = 0;
		};
		35FDFD0E2B26032900B5D782 /* Sources */ = {
			isa = PBXSourcesBuildPhase;
			buildActionMask = 2147483647;
			files = (
				35FDFD172B26032900B5D782 /* MitraAppsTests.swift in Sources */,
			);
			runOnlyForDeploymentPostprocessing = 0;
		};
		35FDFD182B26032900B5D782 /* Sources */ = {
			isa = PBXSourcesBuildPhase;
			buildActionMask = 2147483647;
			files = (
				35FDFD232B26032900B5D782 /* MitraAppsUITestsLaunchTests.swift in Sources */,
				35FDFD212B26032900B5D782 /* MitraAppsUITests.swift in Sources */,
			);
			runOnlyForDeploymentPostprocessing = 0;
		};
/* End PBXSourcesBuildPhase section */

/* Begin PBXTargetDependency section */
		35FDFD142B26032900B5D782 /* PBXTargetDependency */ = {
			isa = PBXTargetDependency;
			target = 35FDFD012B26032400B5D782 /* MitraApps */;
			targetProxy = 35FDFD132B26032900B5D782 /* PBXContainerItemProxy */;
		};
		35FDFD1E2B26032900B5D782 /* PBXTargetDependency */ = {
			isa = PBXTargetDependency;
			target = 35FDFD012B26032400B5D782 /* MitraApps */;
			targetProxy = 35FDFD1D2B26032900B5D782 /* PBXContainerItemProxy */;
		};
/* End PBXTargetDependency section */

/* Begin XCBuildConfiguration section */
		35FDFD242B26032900B5D782 /* Debug */ = {
			isa = XCBuildConfiguration;
			buildSettings = {
				ALWAYS_SEARCH_USER_PATHS = NO;
				ASSETCATALOG_COMPILER_GENERATE_SWIFT_ASSET_SYMBOL_EXTENSIONS = YES;
				CLANG_ANALYZER_NONNULL = YES;
				CLANG_ANALYZER_NUMBER_OBJECT_CONVERSION = YES_AGGRESSIVE;
				CLANG_CXX_LANGUAGE_STANDARD = "gnu++20";
				CLANG_ENABLE_MODULES = YES;
				CLANG_ENABLE_OBJC_ARC = YES;
				CLANG_ENABLE_OBJC_WEAK = YES;
				CLANG_WARN_BLOCK_CAPTURE_AUTORELEASING = YES;
				CLANG_WARN_BOOL_CONVERSION = YES;
				CLANG_WARN_COMMA = YES;
				CLANG_WARN_CONSTANT_CONVERSION = YES;
				CLANG_WARN_DEPRECATED_OBJC_IMPLEMENTATIONS = YES;
				CLANG_WARN_DIRECT_OBJC_ISA_USAGE = YES_ERROR;
				CLANG_WARN_DOCUMENTATION_COMMENTS = YES;
				CLANG_WARN_EMPTY_BODY = YES;
				CLANG_WARN_ENUM_CONVERSION = YES;
				CLANG_WARN_INFINITE_RECURSION = YES;
				CLANG_WARN_INT_CONVERSION = YES;
				CLANG_WARN_NON_LITERAL_NULL_CONVERSION = YES;
				CLANG_WARN_OBJC_IMPLICIT_RETAIN_SELF = YES;
				CLANG_WARN_OBJC_LITERAL_CONVERSION = YES;
				CLANG_WARN_OBJC_ROOT_CLASS = YES_ERROR;
				CLANG_WARN_QUOTED_INCLUDE_IN_FRAMEWORK_HEADER = YES;
				CLANG_WARN_RANGE_LOOP_ANALYSIS = YES;
				CLANG_WARN_STRICT_PROTOTYPES = YES;
				CLANG_WARN_SUSPICIOUS_MOVE = YES;
				CLANG_WARN_UNGUARDED_AVAILABILITY = YES_AGGRESSIVE;
				CLANG_WARN_UNREACHABLE_CODE = YES;
				CLANG_WARN__DUPLICATE_METHOD_MATCH = YES;
				COPY_PHASE_STRIP = NO;
				DEBUG_INFORMATION_FORMAT = dwarf;
				ENABLE_STRICT_OBJC_MSGSEND = YES;
				ENABLE_TESTABILITY = YES;
				ENABLE_USER_SCRIPT_SANDBOXING = YES;
				GCC_C_LANGUAGE_STANDARD = gnu17;
				GCC_DYNAMIC_NO_PIC = NO;
				GCC_NO_COMMON_BLOCKS = YES;
				GCC_OPTIMIZATION_LEVEL = 0;
				GCC_PREPROCESSOR_DEFINITIONS = (
					"DEBUG=1",
					"$(inherited)",
				);
				GCC_WARN_64_TO_32_BIT_CONVERSION = YES;
				GCC_WARN_ABOUT_RETURN_TYPE = YES_ERROR;
				GCC_WARN_UNDECLARED_SELECTOR = YES;
				GCC_WARN_UNINITIALIZED_AUTOS = YES_AGGRESSIVE;
				GCC_WARN_UNUSED_FUNCTION = YES;
				GCC_WARN_UNUSED_VARIABLE = YES;
				IPHONEOS_DEPLOYMENT_TARGET = 15.0;
				LOCALIZATION_PREFERS_STRING_CATALOGS = YES;
				MTL_ENABLE_DEBUG_INFO = INCLUDE_SOURCE;
				MTL_FAST_MATH = YES;
				ONLY_ACTIVE_ARCH = YES;
				SDKROOT = iphoneos;
				SWIFT_ACTIVE_COMPILATION_CONDITIONS = "DEBUG $(inherited)";
				SWIFT_OPTIMIZATION_LEVEL = "-Onone";
			};
			name = Debug;
		};
		35FDFD252B26032900B5D782 /* Release */ = {
			isa = XCBuildConfiguration;
			buildSettings = {
				ALWAYS_SEARCH_USER_PATHS = NO;
				ASSETCATALOG_COMPILER_GENERATE_SWIFT_ASSET_SYMBOL_EXTENSIONS = YES;
				CLANG_ANALYZER_NONNULL = YES;
				CLANG_ANALYZER_NUMBER_OBJECT_CONVERSION = YES_AGGRESSIVE;
				CLANG_CXX_LANGUAGE_STANDARD = "gnu++20";
				CLANG_ENABLE_MODULES = YES;
				CLANG_ENABLE_OBJC_ARC = YES;
				CLANG_ENABLE_OBJC_WEAK = YES;
				CLANG_WARN_BLOCK_CAPTURE_AUTORELEASING = YES;
				CLANG_WARN_BOOL_CONVERSION = YES;
				CLANG_WARN_COMMA = YES;
				CLANG_WARN_CONSTANT_CONVERSION = YES;
				CLANG_WARN_DEPRECATED_OBJC_IMPLEMENTATIONS = YES;
				CLANG_WARN_DIRECT_OBJC_ISA_USAGE = YES_ERROR;
				CLANG_WARN_DOCUMENTATION_COMMENTS = YES;
				CLANG_WARN_EMPTY_BODY = YES;
				CLANG_WARN_ENUM_CONVERSION = YES;
				CLANG_WARN_INFINITE_RECURSION = YES;
				CLANG_WARN_INT_CONVERSION = YES;
				CLANG_WARN_NON_LITERAL_NULL_CONVERSION = YES;
				CLANG_WARN_OBJC_IMPLICIT_RETAIN_SELF = YES;
				CLANG_WARN_OBJC_LITERAL_CONVERSION = YES;
				CLANG_WARN_OBJC_ROOT_CLASS = YES_ERROR;
				CLANG_WARN_QUOTED_INCLUDE_IN_FRAMEWORK_HEADER = YES;
				CLANG_WARN_RANGE_LOOP_ANALYSIS = YES;
				CLANG_WARN_STRICT_PROTOTYPES = YES;
				CLANG_WARN_SUSPICIOUS_MOVE = YES;
				CLANG_WARN_UNGUARDED_AVAILABILITY = YES_AGGRESSIVE;
				CLANG_WARN_UNREACHABLE_CODE = YES;
				CLANG_WARN__DUPLICATE_METHOD_MATCH = YES;
				COPY_PHASE_STRIP = NO;
				DEBUG_INFORMATION_FORMAT = "dwarf-with-dsym";
				ENABLE_NS_ASSERTIONS = NO;
				ENABLE_STRICT_OBJC_MSGSEND = YES;
				ENABLE_USER_SCRIPT_SANDBOXING = YES;
				GCC_C_LANGUAGE_STANDARD = gnu17;
				GCC_NO_COMMON_BLOCKS = YES;
				GCC_WARN_64_TO_32_BIT_CONVERSION = YES;
				GCC_WARN_ABOUT_RETURN_TYPE = YES_ERROR;
				GCC_WARN_UNDECLARED_SELECTOR = YES;
				GCC_WARN_UNINITIALIZED_AUTOS = YES_AGGRESSIVE;
				GCC_WARN_UNUSED_FUNCTION = YES;
				GCC_WARN_UNUSED_VARIABLE = YES;
				IPHONEOS_DEPLOYMENT_TARGET = 15.0;
				LOCALIZATION_PREFERS_STRING_CATALOGS = YES;
				MTL_ENABLE_DEBUG_INFO = NO;
				MTL_FAST_MATH = YES;
				SDKROOT = iphoneos;
				SWIFT_COMPILATION_MODE = wholemodule;
				VALIDATE_PRODUCT = YES;
			};
			name = Release;
		};
		35FDFD272B26032900B5D782 /* Debug */ = {
			isa = XCBuildConfiguration;
			buildSettings = {
				ASSETCATALOG_COMPILER_APPICON_NAME = AppIcon;
				ASSETCATALOG_COMPILER_GLOBAL_ACCENT_COLOR_NAME = AccentColor;
				CODE_SIGN_STYLE = Automatic;
				CURRENT_PROJECT_VERSION = 1;
				DEVELOPMENT_ASSET_PATHS = "\"MitraApps/Preview Content\"";
				DEVELOPMENT_TEAM = PU53DYK86L;
				ENABLE_PREVIEWS = YES;
				GENERATE_INFOPLIST_FILE = YES;
				INFOPLIST_KEY_CFBundleDisplayName = "Mitra App";
				INFOPLIST_KEY_UIApplicationSceneManifest_Generation = YES;
				INFOPLIST_KEY_UIApplicationSupportsIndirectInputEvents = YES;
				INFOPLIST_KEY_UILaunchScreen_Generation = YES;
				INFOPLIST_KEY_UIStatusBarStyle = "";
				INFOPLIST_KEY_UISupportedInterfaceOrientations = UIInterfaceOrientationPortrait;
				INFOPLIST_KEY_UISupportedInterfaceOrientations_iPad = "UIInterfaceOrientationLandscapeLeft UIInterfaceOrientationLandscapeRight UIInterfaceOrientationPortrait UIInterfaceOrientationPortraitUpsideDown";
				IPHONEOS_DEPLOYMENT_TARGET = 15.0;
				LD_RUNPATH_SEARCH_PATHS = (
					"$(inherited)",
					"@executable_path/Frameworks",
				);
				MARKETING_VERSION = 1.0;
				PRODUCT_BUNDLE_IDENTIFIER = com.faizazharim.MitraApps;
				PRODUCT_NAME = "$(TARGET_NAME)";
				SUPPORTED_PLATFORMS = "iphoneos iphonesimulator";
				SUPPORTS_MACCATALYST = NO;
				SUPPORTS_MAC_DESIGNED_FOR_IPHONE_IPAD = NO;
				SWIFT_EMIT_LOC_STRINGS = YES;
				SWIFT_VERSION = 5.0;
				TARGETED_DEVICE_FAMILY = 1;
			};
			name = Debug;
		};
		35FDFD282B26032900B5D782 /* Release */ = {
			isa = XCBuildConfiguration;
			buildSettings = {
				ASSETCATALOG_COMPILER_APPICON_NAME = AppIcon;
				ASSETCATALOG_COMPILER_GLOBAL_ACCENT_COLOR_NAME = AccentColor;
				CODE_SIGN_STYLE = Automatic;
				CURRENT_PROJECT_VERSION = 1;
				DEVELOPMENT_ASSET_PATHS = "\"MitraApps/Preview Content\"";
				DEVELOPMENT_TEAM = PU53DYK86L;
				ENABLE_PREVIEWS = YES;
				GENERATE_INFOPLIST_FILE = YES;
				INFOPLIST_KEY_CFBundleDisplayName = "Mitra App";
				INFOPLIST_KEY_UIApplicationSceneManifest_Generation = YES;
				INFOPLIST_KEY_UIApplicationSupportsIndirectInputEvents = YES;
				INFOPLIST_KEY_UILaunchScreen_Generation = YES;
				INFOPLIST_KEY_UIStatusBarStyle = "";
				INFOPLIST_KEY_UISupportedInterfaceOrientations = UIInterfaceOrientationPortrait;
				INFOPLIST_KEY_UISupportedInterfaceOrientations_iPad = "UIInterfaceOrientationLandscapeLeft UIInterfaceOrientationLandscapeRight UIInterfaceOrientationPortrait UIInterfaceOrientationPortraitUpsideDown";
				IPHONEOS_DEPLOYMENT_TARGET = 15.0;
				LD_RUNPATH_SEARCH_PATHS = (
					"$(inherited)",
					"@executable_path/Frameworks",
				);
				MARKETING_VERSION = 1.0;
				PRODUCT_BUNDLE_IDENTIFIER = com.faizazharim.MitraApps;
				PRODUCT_NAME = "$(TARGET_NAME)";
				SUPPORTED_PLATFORMS = "iphoneos iphonesimulator";
				SUPPORTS_MACCATALYST = NO;
				SUPPORTS_MAC_DESIGNED_FOR_IPHONE_IPAD = NO;
				SWIFT_EMIT_LOC_STRINGS = YES;
				SWIFT_VERSION = 5.0;
				TARGETED_DEVICE_FAMILY = 1;
			};
			name = Release;
		};
		35FDFD2A2B26032900B5D782 /* Debug */ = {
			isa = XCBuildConfiguration;
			buildSettings = {
				ALWAYS_EMBED_SWIFT_STANDARD_LIBRARIES = YES;
				BUNDLE_LOADER = "$(TEST_HOST)";
				CODE_SIGN_STYLE = Automatic;
				CURRENT_PROJECT_VERSION = 1;
				DEVELOPMENT_TEAM = PU53DYK86L;
				GENERATE_INFOPLIST_FILE = YES;
				IPHONEOS_DEPLOYMENT_TARGET = 15.0;
				MARKETING_VERSION = 1.0;
				PRODUCT_BUNDLE_IDENTIFIER = com.faizazharim.MitraAppsTests;
				PRODUCT_NAME = "$(TARGET_NAME)";
				SUPPORTED_PLATFORMS = "iphoneos iphonesimulator";
				SUPPORTS_MACCATALYST = NO;
				SUPPORTS_MAC_DESIGNED_FOR_IPHONE_IPAD = NO;
				SWIFT_EMIT_LOC_STRINGS = NO;
				SWIFT_VERSION = 5.0;
				TARGETED_DEVICE_FAMILY = 1;
				TEST_HOST = "$(BUILT_PRODUCTS_DIR)/MitraApps.app/$(BUNDLE_EXECUTABLE_FOLDER_PATH)/MitraApps";
			};
			name = Debug;
		};
		35FDFD2B2B26032900B5D782 /* Release */ = {
			isa = XCBuildConfiguration;
			buildSettings = {
				ALWAYS_EMBED_SWIFT_STANDARD_LIBRARIES = YES;
				BUNDLE_LOADER = "$(TEST_HOST)";
				CODE_SIGN_STYLE = Automatic;
				CURRENT_PROJECT_VERSION = 1;
				DEVELOPMENT_TEAM = PU53DYK86L;
				GENERATE_INFOPLIST_FILE = YES;
				IPHONEOS_DEPLOYMENT_TARGET = 15.0;
				MARKETING_VERSION = 1.0;
				PRODUCT_BUNDLE_IDENTIFIER = com.faizazharim.MitraAppsTests;
				PRODUCT_NAME = "$(TARGET_NAME)";
				SUPPORTED_PLATFORMS = "iphoneos iphonesimulator";
				SUPPORTS_MACCATALYST = NO;
				SUPPORTS_MAC_DESIGNED_FOR_IPHONE_IPAD = NO;
				SWIFT_EMIT_LOC_STRINGS = NO;
				SWIFT_VERSION = 5.0;
				TARGETED_DEVICE_FAMILY = 1;
				TEST_HOST = "$(BUILT_PRODUCTS_DIR)/MitraApps.app/$(BUNDLE_EXECUTABLE_FOLDER_PATH)/MitraApps";
			};
			name = Release;
		};
		35FDFD2D2B26032900B5D782 /* Debug */ = {
			isa = XCBuildConfiguration;
			buildSettings = {
				ALWAYS_EMBED_SWIFT_STANDARD_LIBRARIES = YES;
				CODE_SIGN_STYLE = Automatic;
				CURRENT_PROJECT_VERSION = 1;
				DEVELOPMENT_TEAM = PU53DYK86L;
				GENERATE_INFOPLIST_FILE = YES;
				IPHONEOS_DEPLOYMENT_TARGET = 15.0;
				MARKETING_VERSION = 1.0;
				PRODUCT_BUNDLE_IDENTIFIER = com.faizazharim.MitraAppsUITests;
				PRODUCT_NAME = "$(TARGET_NAME)";
				SUPPORTED_PLATFORMS = "iphoneos iphonesimulator";
				SUPPORTS_MACCATALYST = NO;
				SUPPORTS_MAC_DESIGNED_FOR_IPHONE_IPAD = NO;
				SWIFT_EMIT_LOC_STRINGS = NO;
				SWIFT_VERSION = 5.0;
				TARGETED_DEVICE_FAMILY = 1;
				TEST_TARGET_NAME = MitraApps;
			};
			name = Debug;
		};
		35FDFD2E2B26032900B5D782 /* Release */ = {
			isa = XCBuildConfiguration;
			buildSettings = {
				ALWAYS_EMBED_SWIFT_STANDARD_LIBRARIES = YES;
				CODE_SIGN_STYLE = Automatic;
				CURRENT_PROJECT_VERSION = 1;
				DEVELOPMENT_TEAM = PU53DYK86L;
				GENERATE_INFOPLIST_FILE = YES;
				IPHONEOS_DEPLOYMENT_TARGET = 15.0;
				MARKETING_VERSION = 1.0;
				PRODUCT_BUNDLE_IDENTIFIER = com.faizazharim.MitraAppsUITests;
				PRODUCT_NAME = "$(TARGET_NAME)";
				SUPPORTED_PLATFORMS = "iphoneos iphonesimulator";
				SUPPORTS_MACCATALYST = NO;
				SUPPORTS_MAC_DESIGNED_FOR_IPHONE_IPAD = NO;
				SWIFT_EMIT_LOC_STRINGS = NO;
				SWIFT_VERSION = 5.0;
				TARGETED_DEVICE_FAMILY = 1;
				TEST_TARGET_NAME = MitraApps;
			};
			name = Release;
		};
/* End XCBuildConfiguration section */

/* Begin XCConfigurationList section */
		35FDFCFD2B26032400B5D782 /* Build configuration list for PBXProject "MitraApps" */ = {
			isa = XCConfigurationList;
			buildConfigurations = (
				35FDFD242B26032900B5D782 /* Debug */,
				35FDFD252B26032900B5D782 /* Release */,
			);
			defaultConfigurationIsVisible = 0;
			defaultConfigurationName = Release;
		};
		35FDFD262B26032900B5D782 /* Build configuration list for PBXNativeTarget "MitraApps" */ = {
			isa = XCConfigurationList;
			buildConfigurations = (
				35FDFD272B26032900B5D782 /* Debug */,
				35FDFD282B26032900B5D782 /* Release */,
			);
			defaultConfigurationIsVisible = 0;
			defaultConfigurationName = Release;
		};
		35FDFD292B26032900B5D782 /* Build configuration list for PBXNativeTarget "MitraAppsTests" */ = {
			isa = XCConfigurationList;
			buildConfigurations = (
				35FDFD2A2B26032900B5D782 /* Debug */,
				35FDFD2B2B26032900B5D782 /* Release */,
			);
			defaultConfigurationIsVisible = 0;
			defaultConfigurationName = Release;
		};
		35FDFD2C2B26032900B5D782 /* Build configuration list for PBXNativeTarget "MitraAppsUITests" */ = {
			isa = XCConfigurationList;
			buildConfigurations = (
				35FDFD2D2B26032900B5D782 /* Debug */,
				35FDFD2E2B26032900B5D782 /* Release */,
			);
			defaultConfigurationIsVisible = 0;
			defaultConfigurationName = Release;
		};
/* End XCConfigurationList section */
	};
	rootObject = 35FDFCFA2B26032400B5D782 /* Project object */;
}
